PODS:
  - SwiftCodableJSON (0.0.1)

DEPENDENCIES:
  - SwiftCodableJSON

SPEC REPOS:
  https://github.com/cocoapods/specs.git:
    - SwiftCodableJSON

SPEC CHECKSUMS:
  SwiftCodableJSON: 05a908de281a9ed2924bf43bfccdbdfc85fc406d

PODFILE CHECKSUM: 18bcf605d4d4b3f0d0e61e0ef07a255da5349953

COCOAPODS: 1.6.0.beta.2
